{
  "name": "traffic-light-example",
  "version": "1.0.0",
  "lockfileVersion": 1,
  "requires": true,
  "dependencies": {
    "@brainboxes/io": {
      "version": "0.9.1",
      "resolved": "https://registry.npmjs.org/@brainboxes/io/-/io-0.9.1.tgz",
      "integrity": "sha512-+ek5tT0MhRa5Ua62qkO7CHAAaM7jri6j02ycvw2SywVRbztG4Ht5KmOCrsD6RiOQrWVN4dPN1NOY+1hWulEjLQ=="
    }
  }
}
